
Microsoft Visual Studio Solution File, Format Version 12.00
# Visual Studio Version 17
VisualStudioVersion = 17.4.33213.308
MinimumVisualStudioVersion = 10.0.40219.1
Project("{9A19103F-16F7-4668-BE54-9A1E7A4F7556}") = "RoastedCoffeeAccountingSystem", "RoastedCoffeeAccountingSystem\RoastedCoffeeAccountingSystem.csproj", "{4EC65DF3-DB75-44F9-A350-871FAE4BAADE}"
EndProject
Project("{9A19103F-16F7-4668-BE54-9A1E7A4F7556}") = "Entities", "Entities\Entities.csproj", "{3AD83740-7D39-4F9B-8011-AB76132841E9}"
EndProject
Project("{9A19103F-16F7-4668-BE54-9A1E7A4F7556}") = "Repository", "Repository\Repository.csproj", "{87954C00-2DE8-4E2B-9456-D40557B5713D}"
EndProject
Project("{9A19103F-16F7-4668-BE54-9A1E7A4F7556}") = "Contracts", "Contracts\Contracts.csproj", "{1A75A2AA-3EA1-4203-A753-772AA813FE64}"
EndProject
Project("{9A19103F-16F7-4668-BE54-9A1E7A4F7556}") = "LoggerService", "LoggerService\LoggerService.csproj", "{9C581F13-5FC6-4F3A-BFB7-36E17B554C31}"
EndProject
Project("{9A19103F-16F7-4668-BE54-9A1E7A4F7556}") = "ServiceContracts", "ServiceContracts\ServiceContracts.csproj", "{E06FD62A-2631-4E4B-9C9B-8A6539416A77}"
EndProject
Project("{9A19103F-16F7-4668-BE54-9A1E7A4F7556}") = "Service", "Services\Service.csproj", "{D2CCC318-8C3A-4D90-87F6-1AF339E82766}"
EndProject
Project("{9A19103F-16F7-4668-BE54-9A1E7A4F7556}") = "Presentation", "Presentation\Presentation.csproj", "{8E6CCE23-B49C-4166-8894-844A185A1B08}"
EndProject
Project("{9A19103F-16F7-4668-BE54-9A1E7A4F7556}") = "Shared", "Shared\Shared.csproj", "{FB0FC563-AD01-4655-8139-E6D32340CB93}"
EndProject
Project("{54A90642-561A-4BB1-A94E-469ADEE60C69}") = "Client", "Client\Client.esproj", "{CA2A8C76-3361-4509-9F61-65F51C8D4537}"
EndProject
Global
	GlobalSection(SolutionConfigurationPlatforms) = preSolution
		Debug|Any CPU = Debug|Any CPU
		Release|Any CPU = Release|Any CPU
	EndGlobalSection
	GlobalSection(ProjectConfigurationPlatforms) = postSolution
		{4EC65DF3-DB75-44F9-A350-871FAE4BAADE}.Debug|Any CPU.ActiveCfg = Debug|Any CPU
		{4EC65DF3-DB75-44F9-A350-871FAE4BAADE}.Debug|Any CPU.Build.0 = Debug|Any CPU
		{4EC65DF3-DB75-44F9-A350-871FAE4BAADE}.Release|Any CPU.ActiveCfg = Release|Any CPU
		{4EC65DF3-DB75-44F9-A350-871FAE4BAADE}.Release|Any CPU.Build.0 = Release|Any CPU
		{3AD83740-7D39-4F9B-8011-AB76132841E9}.Debug|Any CPU.ActiveCfg = Debug|Any CPU
		{3AD83740-7D39-4F9B-8011-AB76132841E9}.Debug|Any CPU.Build.0 = Debug|Any CPU
		{3AD83740-7D39-4F9B-8011-AB76132841E9}.Release|Any CPU.ActiveCfg = Release|Any CPU
		{3AD83740-7D39-4F9B-8011-AB76132841E9}.Release|Any CPU.Build.0 = Release|Any CPU
		{87954C00-2DE8-4E2B-9456-D40557B5713D}.Debug|Any CPU.ActiveCfg = Debug|Any CPU
		{87954C00-2DE8-4E2B-9456-D40557B5713D}.Debug|Any CPU.Build.0 = Debug|Any CPU
		{87954C00-2DE8-4E2B-9456-D40557B5713D}.Release|Any CPU.ActiveCfg = Release|Any CPU
		{87954C00-2DE8-4E2B-9456-D40557B5713D}.Release|Any CPU.Build.0 = Release|Any CPU
		{1A75A2AA-3EA1-4203-A753-772AA813FE64}.Debug|Any CPU.ActiveCfg = Debug|Any CPU
		{1A75A2AA-3EA1-4203-A753-772AA813FE64}.Debug|Any CPU.Build.0 = Debug|Any CPU
		{1A75A2AA-3EA1-4203-A753-772AA813FE64}.Release|Any CPU.ActiveCfg = Release|Any CPU
		{1A75A2AA-3EA1-4203-A753-772AA813FE64}.Release|Any CPU.Build.0 = Release|Any CPU
		{9C581F13-5FC6-4F3A-BFB7-36E17B554C31}.Debug|Any CPU.ActiveCfg = Debug|Any CPU
		{9C581F13-5FC6-4F3A-BFB7-36E17B554C31}.Debug|Any CPU.Build.0 = Debug|Any CPU
		{9C581F13-5FC6-4F3A-BFB7-36E17B554C31}.Release|Any CPU.ActiveCfg = Release|Any CPU
		{9C581F13-5FC6-4F3A-BFB7-36E17B554C31}.Release|Any CPU.Build.0 = Release|Any CPU
		{E06FD62A-2631-4E4B-9C9B-8A6539416A77}.Debug|Any CPU.ActiveCfg = Debug|Any CPU
		{E06FD62A-2631-4E4B-9C9B-8A6539416A77}.Debug|Any CPU.Build.0 = Debug|Any CPU
		{E06FD62A-2631-4E4B-9C9B-8A6539416A77}.Release|Any CPU.ActiveCfg = Release|Any CPU
		{E06FD62A-2631-4E4B-9C9B-8A6539416A77}.Release|Any CPU.Build.0 = Release|Any CPU
		{D2CCC318-8C3A-4D90-87F6-1AF339E82766}.Debug|Any CPU.ActiveCfg = Debug|Any CPU
		{D2CCC318-8C3A-4D90-87F6-1AF339E82766}.Debug|Any CPU.Build.0 = Debug|Any CPU
		{D2CCC318-8C3A-4D90-87F6-1AF339E82766}.Release|Any CPU.ActiveCfg = Release|Any CPU
		{D2CCC318-8C3A-4D90-87F6-1AF339E82766}.Release|Any CPU.Build.0 = Release|Any CPU
		{8E6CCE23-B49C-4166-8894-844A185A1B08}.Debug|Any CPU.ActiveCfg = Debug|Any CPU
		{8E6CCE23-B49C-4166-8894-844A185A1B08}.Debug|Any CPU.Build.0 = Debug|Any CPU
		{8E6CCE23-B49C-4166-8894-844A185A1B08}.Release|Any CPU.ActiveCfg = Release|Any CPU
		{8E6CCE23-B49C-4166-8894-844A185A1B08}.Release|Any CPU.Build.0 = Release|Any CPU
		{FB0FC563-AD01-4655-8139-E6D32340CB93}.Debug|Any CPU.ActiveCfg = Debug|Any CPU
		{FB0FC563-AD01-4655-8139-E6D32340CB93}.Debug|Any CPU.Build.0 = Debug|Any CPU
		{FB0FC563-AD01-4655-8139-E6D32340CB93}.Release|Any CPU.ActiveCfg = Release|Any CPU
		{FB0FC563-AD01-4655-8139-E6D32340CB93}.Release|Any CPU.Build.0 = Release|Any CPU
		{CA2A8C76-3361-4509-9F61-65F51C8D4537}.Debug|Any CPU.ActiveCfg = Debug|Any CPU
		{CA2A8C76-3361-4509-9F61-65F51C8D4537}.Debug|Any CPU.Build.0 = Debug|Any CPU
		{CA2A8C76-3361-4509-9F61-65F51C8D4537}.Debug|Any CPU.Deploy.0 = Debug|Any CPU
		{CA2A8C76-3361-4509-9F61-65F51C8D4537}.Release|Any CPU.ActiveCfg = Release|Any CPU
		{CA2A8C76-3361-4509-9F61-65F51C8D4537}.Release|Any CPU.Build.0 = Release|Any CPU
		{CA2A8C76-3361-4509-9F61-65F51C8D4537}.Release|Any CPU.Deploy.0 = Release|Any CPU
	EndGlobalSection
	GlobalSection(SolutionProperties) = preSolution
		HideSolutionNode = FALSE
	EndGlobalSection
	GlobalSection(ExtensibilityGlobals) = postSolution
		SolutionGuid = {E14B7AB5-71DC-4360-8F6C-DE5B925DC9EC}
	EndGlobalSection
EndGlobal
